
Microsoft Visual Studio Solution File, Format Version 12.00
# Visual Studio Version 17
VisualStudioVersion = 17.6.33723.286
MinimumVisualStudioVersion = 10.0.40219.1
Project("{FAE04EC0-301F-11D3-BF4B-00C04F79EFBC}") = "scada_back", "scada_back.csproj", "{3B76F4F1-61A8-4971-8C94-614A5D9A24B1}"
EndProject
Global
	GlobalSection(SolutionConfigurationPlatforms) = preSolution
		Debug|Any CPU = Debug|Any CPU
		Release|Any CPU = Release|Any CPU
	EndGlobalSection
	GlobalSection(ProjectConfigurationPlatforms) = postSolution
		{3B76F4F1-61A8-4971-8C94-614A5D9A24B1}.Debug|Any CPU.ActiveCfg = Debug|Any CPU
		{3B76F4F1-61A8-4971-8C94-614A5D9A24B1}.Debug|Any CPU.Build.0 = Debug|Any CPU
		{3B76F4F1-61A8-4971-8C94-614A5D9A24B1}.Release|Any CPU.ActiveCfg = Release|Any CPU
		{3B76F4F1-61A8-4971-8C94-614A5D9A24B1}.Release|Any CPU.Build.0 = Release|Any CPU
	EndGlobalSection
	GlobalSection(SolutionProperties) = preSolution
		HideSolutionNode = FALSE
	EndGlobalSection
	GlobalSection(ExtensibilityGlobals) = postSolution
		SolutionGuid = {495CFFA0-2E76-4943-A0A6-FAAB9D3059A6}
	EndGlobalSection
EndGlobal
